
Microsoft Visual Studio Solution File, Format Version 12.00
# Visual Studio Version 16
VisualStudioVersion = 25.0.1706.14
MinimumVisualStudioVersion = 10.0.40219.1
Project("{FAE04EC0-301F-11D3-BF4B-00C04F79EFBC}") = "Week5LogicalOperators", "Week5LogicalOperators\Week5LogicalOperators.csproj", "{5A5BF711-A82B-4CB5-8A51-615058DA93C3}"
EndProject
Project("{FAE04EC0-301F-11D3-BF4B-00C04F79EFBC}") = "AND_Operator", "AND_Operator\AND_Operator.csproj", "{5B8B616C-7472-4A4C-B96D-8AA7C5CEDD4D}"
EndProject
Project("{FAE04EC0-301F-11D3-BF4B-00C04F79EFBC}") = "OR_Operator", "OR_Operator\OR_Operator.csproj", "{2633140D-77E4-485F-BF71-31D8195891C8}"
EndProject
Project("{FAE04EC0-301F-11D3-BF4B-00C04F79EFBC}") = "AND_Ranges", "AND_Ranges\AND_Ranges.csproj", "{7D3AE1FA-2134-44D6-898F-1AAD383CA242}"
EndProject
Global
	GlobalSection(SolutionConfigurationPlatforms) = preSolution
		Debug|Any CPU = Debug|Any CPU
		Release|Any CPU = Release|Any CPU
	EndGlobalSection
	GlobalSection(ProjectConfigurationPlatforms) = postSolution
		{5A5BF711-A82B-4CB5-8A51-615058DA93C3}.Debug|Any CPU.ActiveCfg = Debug|Any CPU
		{5A5BF711-A82B-4CB5-8A51-615058DA93C3}.Debug|Any CPU.Build.0 = Debug|Any CPU
		{5A5BF711-A82B-4CB5-8A51-615058DA93C3}.Release|Any CPU.ActiveCfg = Release|Any CPU
		{5A5BF711-A82B-4CB5-8A51-615058DA93C3}.Release|Any CPU.Build.0 = Release|Any CPU
		{5B8B616C-7472-4A4C-B96D-8AA7C5CEDD4D}.Debug|Any CPU.ActiveCfg = Debug|Any CPU
		{5B8B616C-7472-4A4C-B96D-8AA7C5CEDD4D}.Debug|Any CPU.Build.0 = Debug|Any CPU
		{5B8B616C-7472-4A4C-B96D-8AA7C5CEDD4D}.Release|Any CPU.ActiveCfg = Release|Any CPU
		{5B8B616C-7472-4A4C-B96D-8AA7C5CEDD4D}.Release|Any CPU.Build.0 = Release|Any CPU
		{2633140D-77E4-485F-BF71-31D8195891C8}.Debug|Any CPU.ActiveCfg = Debug|Any CPU
		{2633140D-77E4-485F-BF71-31D8195891C8}.Debug|Any CPU.Build.0 = Debug|Any CPU
		{2633140D-77E4-485F-BF71-31D8195891C8}.Release|Any CPU.ActiveCfg = Release|Any CPU
		{2633140D-77E4-485F-BF71-31D8195891C8}.Release|Any CPU.Build.0 = Release|Any CPU
		{7D3AE1FA-2134-44D6-898F-1AAD383CA242}.Debug|Any CPU.ActiveCfg = Debug|Any CPU
		{7D3AE1FA-2134-44D6-898F-1AAD383CA242}.Debug|Any CPU.Build.0 = Debug|Any CPU
		{7D3AE1FA-2134-44D6-898F-1AAD383CA242}.Release|Any CPU.ActiveCfg = Release|Any CPU
		{7D3AE1FA-2134-44D6-898F-1AAD383CA242}.Release|Any CPU.Build.0 = Release|Any CPU
	EndGlobalSection
	GlobalSection(SolutionProperties) = preSolution
		HideSolutionNode = FALSE
	EndGlobalSection
	GlobalSection(ExtensibilityGlobals) = postSolution
		SolutionGuid = {0664273D-94B6-48CE-8B7C-1CFCBD243EAE}
	EndGlobalSection
EndGlobal
